// !$*UTF8*$!
{
	archiveVersion = 1;
	classes = {
	};
	objectVersion = 77;
	objects = {

/* Begin PBXBuildFile section */
		9C027ED02F5B106F00E0D831 /* SubscriptionManager.swift in Sources */ = {isa = PBXBuildFile; fileRef = 9C027ECF2F5B106F00E0D831 /* SubscriptionManager.swift */; };
		9C027ED22F5B108F00E0D831 /* SubscriptionPaywallView.swift in Sources */ = {isa = PBXBuildFile; fileRef = 9C027ED12F5B108F00E0D831 /* SubscriptionPaywallView.swift */; };
		9C027ED42F5B113500E0D831 /* SUBSCRIPTION_IMPLEMENTATION_GUIDE.md in Resources */ = {isa = PBXBuildFile; fileRef = 9C027ED32F5B113500E0D831 /* SUBSCRIPTION_IMPLEMENTATION_GUIDE.md */; };
		9C027ED62F5B114900E0D831 /* APP_INITIALIZATION_NOTE.swift in Sources */ = {isa = PBXBuildFile; fileRef = 9C027ED52F5B114900E0D831 /* APP_INITIALIZATION_NOTE.swift */; };
		9C027ED82F5B117300E0D831 /* TESTING_CHECKLIST.md in Resources */ = {isa = PBXBuildFile; fileRef = 9C027ED72F5B117300E0D831 /* TESTING_CHECKLIST.md */; };
		9C027EDA2F5B11AC00E0D831 /* SUBSCRIPTION_SUMMARY.md in Resources */ = {isa = PBXBuildFile; fileRef = 9C027ED92F5B11AC00E0D831 /* SUBSCRIPTION_SUMMARY.md */; };
		9C027EDC2F5B11F700E0D831 /* SUBSCRIPTION_FLOW_DIAGRAM.md in Resources */ = {isa = PBXBuildFile; fileRef = 9C027EDB2F5B11F700E0D831 /* SUBSCRIPTION_FLOW_DIAGRAM.md */; };
		9C027EDE2F5B138600E0D831 /* IMPLEMENTATION_REVIEW.md in Resources */ = {isa = PBXBuildFile; fileRef = 9C027EDD2F5B138600E0D831 /* IMPLEMENTATION_REVIEW.md */; };
		9C027EE02F5B153D00E0D831 /* FIRECalcProducts.storekit in Resources */ = {isa = PBXBuildFile; fileRef = 9C027EDF2F5B153D00E0D831 /* FIRECalcProducts.storekit */; };
		9C027EE22F5B173300E0D831 /* FREE_TRIAL_UPDATES.md in Resources */ = {isa = PBXBuildFile; fileRef = 9C027EE12F5B173300E0D831 /* FREE_TRIAL_UPDATES.md */; };
		9C4AE1412F5BE21D00562FA2 /* REFRESH_LIMIT_FIX.md in Resources */ = {isa = PBXBuildFile; fileRef = 9C4AE1402F5BE21D00562FA2 /* REFRESH_LIMIT_FIX.md */; };
		9C4AE1432F5BE2AB00562FA2 /* DebugLogger.swift in Sources */ = {isa = PBXBuildFile; fileRef = 9C4AE1422F5BE2AB00562FA2 /* DebugLogger.swift */; };
		9C4AE1452F5BE30900562FA2 /* DebugSettingsView.swift in Sources */ = {isa = PBXBuildFile; fileRef = 9C4AE1442F5BE30900562FA2 /* DebugSettingsView.swift */; };
		9C4AE1472F5BE34100562FA2 /* DEBUG_LOGGING_GUIDE.md in Resources */ = {isa = PBXBuildFile; fileRef = 9C4AE1462F5BE34100562FA2 /* DEBUG_LOGGING_GUIDE.md */; };
		9C4AE1492F5BE37200562FA2 /* DEBUG_SYSTEM_CHANGELOG.md in Resources */ = {isa = PBXBuildFile; fileRef = 9C4AE1482F5BE37200562FA2 /* DEBUG_SYSTEM_CHANGELOG.md */; };
		9C4AE14B2F5BE39600562FA2 /* DEBUG_QUICK_REFERENCE.md in Resources */ = {isa = PBXBuildFile; fileRef = 9C4AE14A2F5BE39600562FA2 /* DEBUG_QUICK_REFERENCE.md */; };
		9C4AE14D2F5BE3CD00562FA2 /* IMPLEMENTATION_SUMMARY.md in Resources */ = {isa = PBXBuildFile; fileRef = 9C4AE14C2F5BE3CD00562FA2 /* IMPLEMENTATION_SUMMARY.md */; };
		9C4AE14F2F5BE47C00562FA2 /* DEBUG_LOGGING_DEVELOPER_GUIDE.md in Resources */ = {isa = PBXBuildFile; fileRef = 9C4AE14E2F5BE47C00562FA2 /* DEBUG_LOGGING_DEVELOPER_GUIDE.md */; };
		9C4AE1512F5BE49900562FA2 /* DEBUG_LOGGING_SUMMARY.md in Resources */ = {isa = PBXBuildFile; fileRef = 9C4AE1502F5BE49900562FA2 /* DEBUG_LOGGING_SUMMARY.md */; };
		9C4AE1532F5BE5F400562FA2 /* API_OPTIMIZATION_FIX.md in Resources */ = {isa = PBXBuildFile; fileRef = 9C4AE1522F5BE5F400562FA2 /* API_OPTIMIZATION_FIX.md */; };
		9C4AE1552F5BE73C00562FA2 /* BUILD_VERIFICATION.md in Resources */ = {isa = PBXBuildFile; fileRef = 9C4AE1542F5BE73C00562FA2 /* BUILD_VERIFICATION.md */; };
		9C4AE1572F5BE76500562FA2 /* IMPLEMENTATION_COMPLETE.md in Resources */ = {isa = PBXBuildFile; fileRef = 9C4AE1562F5BE76500562FA2 /* IMPLEMENTATION_COMPLETE.md */; };
		9C4AE1592F5BE7F800562FA2 /* COOLDOWN_EXPLAINED.md in Resources */ = {isa = PBXBuildFile; fileRef = 9C4AE1582F5BE7F800562FA2 /* COOLDOWN_EXPLAINED.md */; };
		9C4AE15B2F5BE96F00562FA2 /* FALLBACK_PRICES_REMOVED.md in Resources */ = {isa = PBXBuildFile; fileRef = 9C4AE15A2F5BE96F00562FA2 /* FALLBACK_PRICES_REMOVED.md */; };
		9C6585B22F5C8171009E8496 /* SUBSCRIPTION_STARTUP_FIX.md in Resources */ = {isa = PBXBuildFile; fileRef = 9C6585B12F5C8171009E8496 /* SUBSCRIPTION_STARTUP_FIX.md */; };
		9C6585B42F5C826B009E8496 /* SUBSCRIPTION_CHECK_VERIFICATION.md in Resources */ = {isa = PBXBuildFile; fileRef = 9C6585B32F5C826B009E8496 /* SUBSCRIPTION_CHECK_VERIFICATION.md */; };
		9C6585B62F5C8367009E8496 /* AUTO_REFRESH_IMPLEMENTATION.md in Resources */ = {isa = PBXBuildFile; fileRef = 9C6585B52F5C8367009E8496 /* AUTO_REFRESH_IMPLEMENTATION.md */; };
		9C6585BC2F5CA350009E8496 /* PRIVACY_POLICY.md in Resources */ = {isa = PBXBuildFile; fileRef = 9C6585BB2F5CA350009E8496 /* PRIVACY_POLICY.md */; };
		9C6585BE2F5CA3A7009E8496 /* TERMS_OF_SERVICE.md in Resources */ = {isa = PBXBuildFile; fileRef = 9C6585BD2F5CA3A7009E8496 /* TERMS_OF_SERVICE.md */; };
		9C6585C02F5CA3EE009E8496 /* HOSTING_LEGAL_DOCS_GUIDE.md in Resources */ = {isa = PBXBuildFile; fileRef = 9C6585BF2F5CA3EE009E8496 /* HOSTING_LEGAL_DOCS_GUIDE.md */; };
		9C6585C22F5CA413009E8496 /* privacy_template.html in Resources */ = {isa = PBXBuildFile; fileRef = 9C6585C12F5CA412009E8496 /* privacy_template.html */; };
		9C6585C42F5CA438009E8496 /* terms_template.html in Resources */ = {isa = PBXBuildFile; fileRef = 9C6585C32F5CA438009E8496 /* terms_template.html */; };
		9C6585C62F5CA47C009E8496 /* LEGAL_QUICK_START.md in Resources */ = {isa = PBXBuildFile; fileRef = 9C6585C52F5CA47C009E8496 /* LEGAL_QUICK_START.md */; };
		9C6D61D72F59444F004C341C /* REFRESH_COOLDOWN_IMPLEMENTATION.md in Resources */ = {isa = PBXBuildFile; fileRef = 9C6D61D62F59444E004C341C /* REFRESH_COOLDOWN_IMPLEMENTATION.md */; };
		9CF4B4902F5E2EDC00C5BA6D /* REFRESH_SESSION_FIX.md in Resources */ = {isa = PBXBuildFile; fileRef = 9CF4B48F2F5E2EDC00C5BA6D /* REFRESH_SESSION_FIX.md */; };
		9CF4B4BB2F62642300C5BA6D /* UPDATED_BACKEND_SERVER.js in Resources */ = {isa = PBXBuildFile; fileRef = 9CF4B4BA2F62642300C5BA6D /* UPDATED_BACKEND_SERVER.js */; };
		9CF4B4BD2F6264B100C5BA6D /* DAILY_CHANGE_UPDATE_GUIDE.md in Resources */ = {isa = PBXBuildFile; fileRef = 9CF4B4BC2F6264B100C5BA6D /* DAILY_CHANGE_UPDATE_GUIDE.md */; };
		9CF4B4BF2F6264D100C5BA6D /* DAILY_CHANGE_IMPLEMENTATION_SUMMARY.md in Resources */ = {isa = PBXBuildFile; fileRef = 9CF4B4BE2F6264D100C5BA6D /* DAILY_CHANGE_IMPLEMENTATION_SUMMARY.md */; };
		9CF4B4C12F6264ED00C5BA6D /* QUICK_DEPLOY_DAILY_CHANGE.md in Resources */ = {isa = PBXBuildFile; fileRef = 9CF4B4C02F6264ED00C5BA6D /* QUICK_DEPLOY_DAILY_CHANGE.md */; };
		9CF4B4C72F63C3B800C5BA6D /* TICKER_NAME_CUSTOMIZATION_FEATURE.md in Resources */ = {isa = PBXBuildFile; fileRef = 9CF4B4C62F63C3B800C5BA6D /* TICKER_NAME_CUSTOMIZATION_FEATURE.md */; };
		9CF4B4C92F63C5B300C5BA6D /* TICKER_MAPPING_VALIDATION_FIX.md in Resources */ = {isa = PBXBuildFile; fileRef = 9CF4B4C82F63C5B300C5BA6D /* TICKER_MAPPING_VALIDATION_FIX.md */; };
		9CF4B4CB2F63C6D000C5BA6D /* TICKER_MAPPING_BUTTON_DEBUG.md in Resources */ = {isa = PBXBuildFile; fileRef = 9CF4B4CA2F63C6D000C5BA6D /* TICKER_MAPPING_BUTTON_DEBUG.md */; };
		9CF4B4CD2F63C7E900C5BA6D /* BUTTON_TAP_BLOCKING_FIX.md in Resources */ = {isa = PBXBuildFile; fileRef = 9CF4B4CC2F63C7E900C5BA6D /* BUTTON_TAP_BLOCKING_FIX.md */; };
		9CF4B4D12F64424B00C5BA6D /* DUPLICATE_ASSET_VALIDATION.md in Resources */ = {isa = PBXBuildFile; fileRef = 9CF4B4D02F64424B00C5BA6D /* DUPLICATE_ASSET_VALIDATION.md */; };
		9CF4B4D32F6454FB00C5BA6D /* DUPLICATE_ASSET_VALIDATION_COMPLETE.md in Resources */ = {isa = PBXBuildFile; fileRef = 9CF4B4D22F6454FB00C5BA6D /* DUPLICATE_ASSET_VALIDATION_COMPLETE.md */; };
		9CF4B4D52F6718B600C5BA6D /* WelcomeDisclaimerView.swift in Sources */ = {isa = PBXBuildFile; fileRef = 9CF4B4D42F6718B600C5BA6D /* WelcomeDisclaimerView.swift */; };
		9CF4B4D72F67191C00C5BA6D /* WELCOME_DISCLAIMER_IMPLEMENTATION.md in Resources */ = {isa = PBXBuildFile; fileRef = 9CF4B4D62F67191C00C5BA6D /* WELCOME_DISCLAIMER_IMPLEMENTATION.md */; };
/* End PBXBuildFile section */

/* Begin PBXContainerItemProxy section */
		9C21F6DB2F268A6E004B6016 /* PBXContainerItemProxy */ = {
			isa = PBXContainerItemProxy;
			containerPortal = 9C21F6C22F268A6B004B6016 /* Project object */;
			proxyType = 1;
			remoteGlobalIDString = 9C21F6C92F268A6B004B6016;
			remoteInfo = FIRECalc;
		};
		9C21F6E52F268A6E004B6016 /* PBXContainerItemProxy */ = {
			isa = PBXContainerItemProxy;
			containerPortal = 9C21F6C22F268A6B004B6016 /* Project object */;
			proxyType = 1;
			remoteGlobalIDString = 9C21F6C92F268A6B004B6016;
			remoteInfo = FIRECalc;
		};
/* End PBXContainerItemProxy section */

/* Begin PBXFileReference section */
		9C027ECF2F5B106F00E0D831 /* SubscriptionManager.swift */ = {isa = PBXFileReference; lastKnownFileType = sourcecode.swift; path = SubscriptionManager.swift; sourceTree = "<group>"; };
		9C027ED12F5B108F00E0D831 /* SubscriptionPaywallView.swift */ = {isa = PBXFileReference; lastKnownFileType = sourcecode.swift; path = SubscriptionPaywallView.swift; sourceTree = "<group>"; };
		9C027ED32F5B113500E0D831 /* SUBSCRIPTION_IMPLEMENTATION_GUIDE.md */ = {isa = PBXFileReference; lastKnownFileType = net.daringfireball.markdown; path = SUBSCRIPTION_IMPLEMENTATION_GUIDE.md; sourceTree = "<group>"; };
		9C027ED52F5B114900E0D831 /* APP_INITIALIZATION_NOTE.swift */ = {isa = PBXFileReference; lastKnownFileType = sourcecode.swift; path = APP_INITIALIZATION_NOTE.swift; sourceTree = "<group>"; };
		9C027ED72F5B117300E0D831 /* TESTING_CHECKLIST.md */ = {isa = PBXFileReference; lastKnownFileType = net.daringfireball.markdown; path = TESTING_CHECKLIST.md; sourceTree = "<group>"; };
		9C027ED92F5B11AC00E0D831 /* SUBSCRIPTION_SUMMARY.md */ = {isa = PBXFileReference; lastKnownFileType = net.daringfireball.markdown; path = SUBSCRIPTION_SUMMARY.md; sourceTree = "<group>"; };
		9C027EDB2F5B11F700E0D831 /* SUBSCRIPTION_FLOW_DIAGRAM.md */ = {isa = PBXFileReference; lastKnownFileType = net.daringfireball.markdown; path = SUBSCRIPTION_FLOW_DIAGRAM.md; sourceTree = "<group>"; };
		9C027EDD2F5B138600E0D831 /* IMPLEMENTATION_REVIEW.md */ = {isa = PBXFileReference; lastKnownFileType = net.daringfireball.markdown; path = IMPLEMENTATION_REVIEW.md; sourceTree = "<group>"; };
		9C027EDF2F5B153D00E0D831 /* FIRECalcProducts.storekit */ = {isa = PBXFileReference; lastKnownFileType = text; path = FIRECalcProducts.storekit; sourceTree = "<group>"; };
		9C027EE12F5B173300E0D831 /* FREE_TRIAL_UPDATES.md */ = {isa = PBXFileReference; lastKnownFileType = net.daringfireball.markdown; path = FREE_TRIAL_UPDATES.md; sourceTree = "<group>"; };
		9C21F6CA2F268A6C004B6016 /* FIRECalc.app */ = {isa = PBXFileReference; explicitFileType = wrapper.application; includeInIndex = 0; path = FIRECalc.app; sourceTree = BUILT_PRODUCTS_DIR; };
		9C21F6DA2F268A6E004B6016 /* FIRECalcTests.xctest */ = {isa = PBXFileReference; explicitFileType = wrapper.cfbundle; includeInIndex = 0; path = FIRECalcTests.xctest; sourceTree = BUILT_PRODUCTS_DIR; };
		9C21F6E42F268A6E004B6016 /* FIRECalcUITests.xctest */ = {isa = PBXFileReference; explicitFileType = wrapper.cfbundle; includeInIndex = 0; path = FIRECalcUITests.xctest; sourceTree = BUILT_PRODUCTS_DIR; };
		9C4AE1402F5BE21D00562FA2 /* REFRESH_LIMIT_FIX.md */ = {isa = PBXFileReference; lastKnownFileType = net.daringfireball.markdown; path = REFRESH_LIMIT_FIX.md; sourceTree = "<group>"; };
		9C4AE1422F5BE2AB00562FA2 /* DebugLogger.swift */ = {isa = PBXFileReference; lastKnownFileType = sourcecode.swift; path = DebugLogger.swift; sourceTree = "<group>"; };
		9C4AE1442F5BE30900562FA2 /* DebugSettingsView.swift */ = {isa = PBXFileReference; lastKnownFileType = sourcecode.swift; path = DebugSettingsView.swift; sourceTree = "<group>"; };
		9C4AE1462F5BE34100562FA2 /* DEBUG_LOGGING_GUIDE.md */ = {isa = PBXFileReference; lastKnownFileType = net.daringfireball.markdown; path = DEBUG_LOGGING_GUIDE.md; sourceTree = "<group>"; };
		9C4AE1482F5BE37200562FA2 /* DEBUG_SYSTEM_CHANGELOG.md */ = {isa = PBXFileReference; lastKnownFileType = net.daringfireball.markdown; path = DEBUG_SYSTEM_CHANGELOG.md; sourceTree = "<group>"; };
		9C4AE14A2F5BE39600562FA2 /* DEBUG_QUICK_REFERENCE.md */ = {isa = PBXFileReference; lastKnownFileType = net.daringfireball.markdown; path = DEBUG_QUICK_REFERENCE.md; sourceTree = "<group>"; };
		9C4AE14C2F5BE3CD00562FA2 /* IMPLEMENTATION_SUMMARY.md */ = {isa = PBXFileReference; lastKnownFileType = net.daringfireball.markdown; path = IMPLEMENTATION_SUMMARY.md; sourceTree = "<group>"; };
		9C4AE14E2F5BE47C00562FA2 /* DEBUG_LOGGING_DEVELOPER_GUIDE.md */ = {isa = PBXFileReference; lastKnownFileType = net.daringfireball.markdown; path = DEBUG_LOGGING_DEVELOPER_GUIDE.md; sourceTree = "<group>"; };
		9C4AE1502F5BE49900562FA2 /* DEBUG_LOGGING_SUMMARY.md */ = {isa = PBXFileReference; lastKnownFileType = net.daringfireball.markdown; path = DEBUG_LOGGING_SUMMARY.md; sourceTree = "<group>"; };
		9C4AE1522F5BE5F400562FA2 /* API_OPTIMIZATION_FIX.md */ = {isa = PBXFileReference; lastKnownFileType = net.daringfireball.markdown; path = API_OPTIMIZATION_FIX.md; sourceTree = "<group>"; };
		9C4AE1542F5BE73C00562FA2 /* BUILD_VERIFICATION.md */ = {isa = PBXFileReference; lastKnownFileType = net.daringfireball.markdown; path = BUILD_VERIFICATION.md; sourceTree = "<group>"; };
		9C4AE1562F5BE76500562FA2 /* IMPLEMENTATION_COMPLETE.md */ = {isa = PBXFileReference; lastKnownFileType = net.daringfireball.markdown; path = IMPLEMENTATION_COMPLETE.md; sourceTree = "<group>"; };
		9C4AE1582F5BE7F800562FA2 /* COOLDOWN_EXPLAINED.md */ = {isa = PBXFileReference; lastKnownFileType = net.daringfireball.markdown; path = COOLDOWN_EXPLAINED.md; sourceTree = "<group>"; };
		9C4AE15A2F5BE96F00562FA2 /* FALLBACK_PRICES_REMOVED.md */ = {isa = PBXFileReference; lastKnownFileType = net.daringfireball.markdown; path = FALLBACK_PRICES_REMOVED.md; sourceTree = "<group>"; };
		9C6585B12F5C8171009E8496 /* SUBSCRIPTION_STARTUP_FIX.md */ = {isa = PBXFileReference; lastKnownFileType = net.daringfireball.markdown; path = SUBSCRIPTION_STARTUP_FIX.md; sourceTree = "<group>"; };
		9C6585B32F5C826B009E8496 /* SUBSCRIPTION_CHECK_VERIFICATION.md */ = {isa = PBXFileReference; lastKnownFileType = net.daringfireball.markdown; path = SUBSCRIPTION_CHECK_VERIFICATION.md; sourceTree = "<group>"; };
		9C6585B52F5C8367009E8496 /* AUTO_REFRESH_IMPLEMENTATION.md */ = {isa = PBXFileReference; lastKnownFileType = net.daringfireball.markdown; path = AUTO_REFRESH_IMPLEMENTATION.md; sourceTree = "<group>"; };
		9C6585BB2F5CA350009E8496 /* PRIVACY_POLICY.md */ = {isa = PBXFileReference; lastKnownFileType = net.daringfireball.markdown; path = PRIVACY_POLICY.md; sourceTree = "<group>"; };
		9C6585BD2F5CA3A7009E8496 /* TERMS_OF_SERVICE.md */ = {isa = PBXFileReference; lastKnownFileType = net.daringfireball.markdown; path = TERMS_OF_SERVICE.md; sourceTree = "<group>"; };
		9C6585BF2F5CA3EE009E8496 /* HOSTING_LEGAL_DOCS_GUIDE.md */ = {isa = PBXFileReference; lastKnownFileType = net.daringfireball.markdown; path = HOSTING_LEGAL_DOCS_GUIDE.md; sourceTree = "<group>"; };
		9C6585C12F5CA412009E8496 /* privacy_template.html */ = {isa = PBXFileReference; lastKnownFileType = text.html; path = privacy_template.html; sourceTree = "<group>"; };
		9C6585C32F5CA438009E8496 /* terms_template.html */ = {isa = PBXFileReference; lastKnownFileType = text.html; path = terms_template.html; sourceTree = "<group>"; };
		9C6585C52F5CA47C009E8496 /* LEGAL_QUICK_START.md */ = {isa = PBXFileReference; lastKnownFileType = net.daringfireball.markdown; path = LEGAL_QUICK_START.md; sourceTree = "<group>"; };
		9C6D61D62F59444E004C341C /* REFRESH_COOLDOWN_IMPLEMENTATION.md */ = {isa = PBXFileReference; lastKnownFileType = net.daringfireball.markdown; path = REFRESH_COOLDOWN_IMPLEMENTATION.md; sourceTree = "<group>"; };
		9CF4B48F2F5E2EDC00C5BA6D /* REFRESH_SESSION_FIX.md */ = {isa = PBXFileReference; lastKnownFileType = net.daringfireball.markdown; path = REFRESH_SESSION_FIX.md; sourceTree = "<group>"; };
		9CF4B4BA2F62642300C5BA6D /* UPDATED_BACKEND_SERVER.js */ = {isa = PBXFileReference; lastKnownFileType = sourcecode.javascript; path = UPDATED_BACKEND_SERVER.js; sourceTree = "<group>"; };
		9CF4B4BC2F6264B100C5BA6D /* DAILY_CHANGE_UPDATE_GUIDE.md */ = {isa = PBXFileReference; lastKnownFileType = net.daringfireball.markdown; path = DAILY_CHANGE_UPDATE_GUIDE.md; sourceTree = "<group>"; };
		9CF4B4BE2F6264D100C5BA6D /* DAILY_CHANGE_IMPLEMENTATION_SUMMARY.md */ = {isa = PBXFileReference; lastKnownFileType = net.daringfireball.markdown; path = DAILY_CHANGE_IMPLEMENTATION_SUMMARY.md; sourceTree = "<group>"; };
		9CF4B4C02F6264ED00C5BA6D /* QUICK_DEPLOY_DAILY_CHANGE.md */ = {isa = PBXFileReference; lastKnownFileType = net.daringfireball.markdown; path = QUICK_DEPLOY_DAILY_CHANGE.md; sourceTree = "<group>"; };
		9CF4B4C62F63C3B800C5BA6D /* TICKER_NAME_CUSTOMIZATION_FEATURE.md */ = {isa = PBXFileReference; lastKnownFileType = net.daringfireball.markdown; path = TICKER_NAME_CUSTOMIZATION_FEATURE.md; sourceTree = "<group>"; };
		9CF4B4C82F63C5B300C5BA6D /* TICKER_MAPPING_VALIDATION_FIX.md */ = {isa = PBXFileReference; lastKnownFileType = net.daringfireball.markdown; path = TICKER_MAPPING_VALIDATION_FIX.md; sourceTree = "<group>"; };
		9CF4B4CA2F63C6D000C5BA6D /* TICKER_MAPPING_BUTTON_DEBUG.md */ = {isa = PBXFileReference; lastKnownFileType = net.daringfireball.markdown; path = TICKER_MAPPING_BUTTON_DEBUG.md; sourceTree = "<group>"; };
		9CF4B4CC2F63C7E900C5BA6D /* BUTTON_TAP_BLOCKING_FIX.md */ = {isa = PBXFileReference; lastKnownFileType = net.daringfireball.markdown; path = BUTTON_TAP_BLOCKING_FIX.md; sourceTree = "<group>"; };
		9CF4B4D02F64424B00C5BA6D /* DUPLICATE_ASSET_VALIDATION.md */ = {isa = PBXFileReference; lastKnownFileType = net.daringfireball.markdown; path = DUPLICATE_ASSET_VALIDATION.md; sourceTree = "<group>"; };
		9CF4B4D22F6454FB00C5BA6D /* DUPLICATE_ASSET_VALIDATION_COMPLETE.md */ = {isa = PBXFileReference; lastKnownFileType = net.daringfireball.markdown; path = DUPLICATE_ASSET_VALIDATION_COMPLETE.md; sourceTree = "<group>"; };
		9CF4B4D42F6718B600C5BA6D /* WelcomeDisclaimerView.swift */ = {isa = PBXFileReference; lastKnownFileType = sourcecode.swift; path = WelcomeDisclaimerView.swift; sourceTree = "<group>"; };
		9CF4B4D62F67191C00C5BA6D /* WELCOME_DISCLAIMER_IMPLEMENTATION.md */ = {isa = PBXFileReference; lastKnownFileType = net.daringfireball.markdown; path = WELCOME_DISCLAIMER_IMPLEMENTATION.md; sourceTree = "<group>"; };
/* End PBXFileReference section */

/* Begin PBXFileSystemSynchronizedBuildFileExceptionSet section */
		9C3785722F568300007139C8 /* Exceptions for "FIRECalc" folder in "FIRECalc" target */ = {
			isa = PBXFileSystemSynchronizedBuildFileExceptionSet;
			membershipExceptions = (
				Info.plist,
			);
			target = 9C21F6C92F268A6B004B6016 /* FIRECalc */;
		};
/* End PBXFileSystemSynchronizedBuildFileExceptionSet section */

/* Begin PBXFileSystemSynchronizedRootGroup section */
		9C21F6CC2F268A6C004B6016 /* FIRECalc */ = {
			isa = PBXFileSystemSynchronizedRootGroup;
			exceptions = (
				9C3785722F568300007139C8 /* Exceptions for "FIRECalc" folder in "FIRECalc" target */,
			);
			path = FIRECalc;
			sourceTree = "<group>";
		};
		9C21F6DD2F268A6E004B6016 /* FIRECalcTests */ = {
			isa = PBXFileSystemSynchronizedRootGroup;
			path = FIRECalcTests;
			sourceTree = "<group>";
		};
		9C21F6E72F268A6E004B6016 /* FIRECalcUITests */ = {
			isa = PBXFileSystemSynchronizedRootGroup;
			path = FIRECalcUITests;
			sourceTree = "<group>";
		};
/* End PBXFileSystemSynchronizedRootGroup section */

/* Begin PBXFrameworksBuildPhase section */
		9C21F6C72F268A6B004B6016 /* Frameworks */ = {
			isa = PBXFrameworksBuildPhase;
			buildActionMask = 2147483647;
			files = (
			);
			runOnlyForDeploymentPostprocessing = 0;
		};
		9C21F6D72F268A6E004B6016 /* Frameworks */ = {
			isa = PBXFrameworksBuildPhase;
			buildActionMask = 2147483647;
			files = (
			);
			runOnlyForDeploymentPostprocessing = 0;
		};
		9C21F6E12F268A6E004B6016 /* Frameworks */ = {
			isa = PBXFrameworksBuildPhase;
			buildActionMask = 2147483647;
			files = (
			);
			runOnlyForDeploymentPostprocessing = 0;
		};
/* End PBXFrameworksBuildPhase section */

/* Begin PBXGroup section */
		9C21F6C12F268A6B004B6016 = {
			isa = PBXGroup;
			children = (
				9C027EDF2F5B153D00E0D831 /* FIRECalcProducts.storekit */,
				9C21F6DD2F268A6E004B6016 /* FIRECalcTests */,
				9C21F6E72F268A6E004B6016 /* FIRECalcUITests */,
				9C21F6CB2F268A6C004B6016 /* Products */,
				9C21F6CC2F268A6C004B6016 /* FIRECalc */,
				9C6D61D62F59444E004C341C /* REFRESH_COOLDOWN_IMPLEMENTATION.md */,
				9C027ECF2F5B106F00E0D831 /* SubscriptionManager.swift */,
				9C027ED12F5B108F00E0D831 /* SubscriptionPaywallView.swift */,
				9C027ED32F5B113500E0D831 /* SUBSCRIPTION_IMPLEMENTATION_GUIDE.md */,
				9C027ED52F5B114900E0D831 /* APP_INITIALIZATION_NOTE.swift */,
				9C027ED72F5B117300E0D831 /* TESTING_CHECKLIST.md */,
				9C027ED92F5B11AC00E0D831 /* SUBSCRIPTION_SUMMARY.md */,
				9C027EDB2F5B11F700E0D831 /* SUBSCRIPTION_FLOW_DIAGRAM.md */,
				9C027EDD2F5B138600E0D831 /* IMPLEMENTATION_REVIEW.md */,
				9C027EE12F5B173300E0D831 /* FREE_TRIAL_UPDATES.md */,
				9C4AE1402F5BE21D00562FA2 /* REFRESH_LIMIT_FIX.md */,
				9C4AE1422F5BE2AB00562FA2 /* DebugLogger.swift */,
				9C4AE1442F5BE30900562FA2 /* DebugSettingsView.swift */,
				9C4AE1462F5BE34100562FA2 /* DEBUG_LOGGING_GUIDE.md */,
				9C4AE1482F5BE37200562FA2 /* DEBUG_SYSTEM_CHANGELOG.md */,
				9C4AE14A2F5BE39600562FA2 /* DEBUG_QUICK_REFERENCE.md */,
				9C4AE14C2F5BE3CD00562FA2 /* IMPLEMENTATION_SUMMARY.md */,
				9C4AE14E2F5BE47C00562FA2 /* DEBUG_LOGGING_DEVELOPER_GUIDE.md */,
				9C4AE1502F5BE49900562FA2 /* DEBUG_LOGGING_SUMMARY.md */,
				9C4AE1522F5BE5F400562FA2 /* API_OPTIMIZATION_FIX.md */,
				9C4AE1542F5BE73C00562FA2 /* BUILD_VERIFICATION.md */,
				9C4AE1562F5BE76500562FA2 /* IMPLEMENTATION_COMPLETE.md */,
				9C4AE1582F5BE7F800562FA2 /* COOLDOWN_EXPLAINED.md */,
				9C4AE15A2F5BE96F00562FA2 /* FALLBACK_PRICES_REMOVED.md */,
				9C6585B12F5C8171009E8496 /* SUBSCRIPTION_STARTUP_FIX.md */,
				9C6585B32F5C826B009E8496 /* SUBSCRIPTION_CHECK_VERIFICATION.md */,
				9C6585B52F5C8367009E8496 /* AUTO_REFRESH_IMPLEMENTATION.md */,
				9C6585BB2F5CA350009E8496 /* PRIVACY_POLICY.md */,
				9C6585BD2F5CA3A7009E8496 /* TERMS_OF_SERVICE.md */,
				9C6585BF2F5CA3EE009E8496 /* HOSTING_LEGAL_DOCS_GUIDE.md */,
				9C6585C12F5CA412009E8496 /* privacy_template.html */,
				9C6585C32F5CA438009E8496 /* terms_template.html */,
				9C6585C52F5CA47C009E8496 /* LEGAL_QUICK_START.md */,
				9CF4B48F2F5E2EDC00C5BA6D /* REFRESH_SESSION_FIX.md */,
				9CF4B4BA2F62642300C5BA6D /* UPDATED_BACKEND_SERVER.js */,
				9CF4B4BC2F6264B100C5BA6D /* DAILY_CHANGE_UPDATE_GUIDE.md */,
				9CF4B4BE2F6264D100C5BA6D /* DAILY_CHANGE_IMPLEMENTATION_SUMMARY.md */,
				9CF4B4C02F6264ED00C5BA6D /* QUICK_DEPLOY_DAILY_CHANGE.md */,
				9CF4B4C62F63C3B800C5BA6D /* TICKER_NAME_CUSTOMIZATION_FEATURE.md */,
				9CF4B4C82F63C5B300C5BA6D /* TICKER_MAPPING_VALIDATION_FIX.md */,
				9CF4B4CA2F63C6D000C5BA6D /* TICKER_MAPPING_BUTTON_DEBUG.md */,
				9CF4B4CC2F63C7E900C5BA6D /* BUTTON_TAP_BLOCKING_FIX.md */,
				9CF4B4D02F64424B00C5BA6D /* DUPLICATE_ASSET_VALIDATION.md */,
				9CF4B4D22F6454FB00C5BA6D /* DUPLICATE_ASSET_VALIDATION_COMPLETE.md */,
				9CF4B4D42F6718B600C5BA6D /* WelcomeDisclaimerView.swift */,
				9CF4B4D62F67191C00C5BA6D /* WELCOME_DISCLAIMER_IMPLEMENTATION.md */,
			);
			sourceTree = "<group>";
		};
		9C21F6CB2F268A6C004B6016 /* Products */ = {
			isa = PBXGroup;
			children = (
				9C21F6CA2F268A6C004B6016 /* FIRECalc.app */,
				9C21F6DA2F268A6E004B6016 /* FIRECalcTests.xctest */,
				9C21F6E42F268A6E004B6016 /* FIRECalcUITests.xctest */,
			);
			name = Products;
			sourceTree = "<group>";
		};
/* End PBXGroup section */

/* Begin PBXNativeTarget section */
		9C21F6C92F268A6B004B6016 /* FIRECalc */ = {
			isa = PBXNativeTarget;
			buildConfigurationList = 9C21F6EE2F268A6E004B6016 /* Build configuration list for PBXNativeTarget "FIRECalc" */;
			buildPhases = (
				9C21F6C62F268A6B004B6016 /* Sources */,
				9C21F6C72F268A6B004B6016 /* Frameworks */,
				9C21F6C82F268A6B004B6016 /* Resources */,
			);
			buildRules = (
			);
			dependencies = (
			);
			fileSystemSynchronizedGroups = (
				9C21F6CC2F268A6C004B6016 /* FIRECalc */,
			);
			name = FIRECalc;
			packageProductDependencies = (
			);
			productName = FIRECalc;
			productReference = 9C21F6CA2F268A6C004B6016 /* FIRECalc.app */;
			productType = "com.apple.product-type.application";
		};
		9C21F6D92F268A6E004B6016 /* FIRECalcTests */ = {
			isa = PBXNativeTarget;
			buildConfigurationList = 9C21F6F12F268A6E004B6016 /* Build configuration list for PBXNativeTarget "FIRECalcTests" */;
			buildPhases = (
				9C21F6D62F268A6E004B6016 /* Sources */,
				9C21F6D72F268A6E004B6016 /* Frameworks */,
				9C21F6D82F268A6E004B6016 /* Resources */,
			);
			buildRules = (
			);
			dependencies = (
				9C21F6DC2F268A6E004B6016 /* PBXTargetDependency */,
			);
			fileSystemSynchronizedGroups = (
				9C21F6DD2F268A6E004B6016 /* FIRECalcTests */,
			);
			name = FIRECalcTests;
			packageProductDependencies = (
			);
			productName = FIRECalcTests;
			productReference = 9C21F6DA2F268A6E004B6016 /* FIRECalcTests.xctest */;
			productType = "com.apple.product-type.bundle.unit-test";
		};
		9C21F6E32F268A6E004B6016 /* FIRECalcUITests */ = {
			isa = PBXNativeTarget;
			buildConfigurationList = 9C21F6F42F268A6E004B6016 /* Build configuration list for PBXNativeTarget "FIRECalcUITests" */;
			buildPhases = (
				9C21F6E02F268A6E004B6016 /* Sources */,
				9C21F6E12F268A6E004B6016 /* Frameworks */,
				9C21F6E22F268A6E004B6016 /* Resources */,
			);
			buildRules = (
			);
			dependencies = (
				9C21F6E62F268A6E004B6016 /* PBXTargetDependency */,
			);
			fileSystemSynchronizedGroups = (
				9C21F6E72F268A6E004B6016 /* FIRECalcUITests */,
			);
			name = FIRECalcUITests;
			packageProductDependencies = (
			);
			productName = FIRECalcUITests;
			productReference = 9C21F6E42F268A6E004B6016 /* FIRECalcUITests.xctest */;
			productType = "com.apple.product-type.bundle.ui-testing";
		};
/* End PBXNativeTarget section */

/* Begin PBXProject section */
		9C21F6C22F268A6B004B6016 /* Project object */ = {
			isa = PBXProject;
			attributes = {
				BuildIndependentTargetsInParallel = 1;
				LastSwiftUpdateCheck = 1620;
				LastUpgradeCheck = 1620;
				TargetAttributes = {
					9C21F6C92F268A6B004B6016 = {
						CreatedOnToolsVersion = 16.2;
					};
					9C21F6D92F268A6E004B6016 = {
						CreatedOnToolsVersion = 16.2;
						TestTargetID = 9C21F6C92F268A6B004B6016;
					};
					9C21F6E32F268A6E004B6016 = {
						CreatedOnToolsVersion = 16.2;
						TestTargetID = 9C21F6C92F268A6B004B6016;
					};
				};
			};
			buildConfigurationList = 9C21F6C52F268A6B004B6016 /* Build configuration list for PBXProject "FIRECalc" */;
			developmentRegion = en;
			hasScannedForEncodings = 0;
			knownRegions = (
				en,
				Base,
			);
			mainGroup = 9C21F6C12F268A6B004B6016;
			minimizedProjectReferenceProxies = 1;
			preferredProjectObjectVersion = 77;
			productRefGroup = 9C21F6CB2F268A6C004B6016 /* Products */;
			projectDirPath = "";
			projectRoot = "";
			targets = (
				9C21F6C92F268A6B004B6016 /* FIRECalc */,
				9C21F6D92F268A6E004B6016 /* FIRECalcTests */,
				9C21F6E32F268A6E004B6016 /* FIRECalcUITests */,
			);
		};
/* End PBXProject section */

/* Begin PBXResourcesBuildPhase section */
		9C21F6C82F268A6B004B6016 /* Resources */ = {
			isa = PBXResourcesBuildPhase;
			buildActionMask = 2147483647;
			files = (
				9C6585C62F5CA47C009E8496 /* LEGAL_QUICK_START.md in Resources */,
				9C027ED42F5B113500E0D831 /* SUBSCRIPTION_IMPLEMENTATION_GUIDE.md in Resources */,
				9C4AE1592F5BE7F800562FA2 /* COOLDOWN_EXPLAINED.md in Resources */,
				9C4AE14D2F5BE3CD00562FA2 /* IMPLEMENTATION_SUMMARY.md in Resources */,
				9C4AE14F2F5BE47C00562FA2 /* DEBUG_LOGGING_DEVELOPER_GUIDE.md in Resources */,
				9C4AE1412F5BE21D00562FA2 /* REFRESH_LIMIT_FIX.md in Resources */,
				9C4AE1552F5BE73C00562FA2 /* BUILD_VERIFICATION.md in Resources */,
				9CF4B4D72F67191C00C5BA6D /* WELCOME_DISCLAIMER_IMPLEMENTATION.md in Resources */,
				9CF4B4CB2F63C6D000C5BA6D /* TICKER_MAPPING_BUTTON_DEBUG.md in Resources */,
				9CF4B4C92F63C5B300C5BA6D /* TICKER_MAPPING_VALIDATION_FIX.md in Resources */,
				9CF4B4BD2F6264B100C5BA6D /* DAILY_CHANGE_UPDATE_GUIDE.md in Resources */,
				9CF4B4902F5E2EDC00C5BA6D /* REFRESH_SESSION_FIX.md in Resources */,
				9CF4B4CD2F63C7E900C5BA6D /* BUTTON_TAP_BLOCKING_FIX.md in Resources */,
				9C6585BC2F5CA350009E8496 /* PRIVACY_POLICY.md in Resources */,
				9C4AE15B2F5BE96F00562FA2 /* FALLBACK_PRICES_REMOVED.md in Resources */,
				9C6585C42F5CA438009E8496 /* terms_template.html in Resources */,
				9C6585BE2F5CA3A7009E8496 /* TERMS_OF_SERVICE.md in Resources */,
				9C6585B62F5C8367009E8496 /* AUTO_REFRESH_IMPLEMENTATION.md in Resources */,
				9C6585C02F5CA3EE009E8496 /* HOSTING_LEGAL_DOCS_GUIDE.md in Resources */,
				9C6585B42F5C826B009E8496 /* SUBSCRIPTION_CHECK_VERIFICATION.md in Resources */,
				9CF4B4D12F64424B00C5BA6D /* DUPLICATE_ASSET_VALIDATION.md in Resources */,
				9CF4B4C72F63C3B800C5BA6D /* TICKER_NAME_CUSTOMIZATION_FEATURE.md in Resources */,
				9C6585C22F5CA413009E8496 /* privacy_template.html in Resources */,
				9CF4B4BB2F62642300C5BA6D /* UPDATED_BACKEND_SERVER.js in Resources */,
				9C4AE1512F5BE49900562FA2 /* DEBUG_LOGGING_SUMMARY.md in Resources */,
				9CF4B4C12F6264ED00C5BA6D /* QUICK_DEPLOY_DAILY_CHANGE.md in Resources */,
				9C4AE1572F5BE76500562FA2 /* IMPLEMENTATION_COMPLETE.md in Resources */,
				9C4AE1472F5BE34100562FA2 /* DEBUG_LOGGING_GUIDE.md in Resources */,
				9C4AE14B2F5BE39600562FA2 /* DEBUG_QUICK_REFERENCE.md in Resources */,
				9C027EE22F5B173300E0D831 /* FREE_TRIAL_UPDATES.md in Resources */,
				9C027EDE2F5B138600E0D831 /* IMPLEMENTATION_REVIEW.md in Resources */,
				9C6585B22F5C8171009E8496 /* SUBSCRIPTION_STARTUP_FIX.md in Resources */,
				9C027EE02F5B153D00E0D831 /* FIRECalcProducts.storekit in Resources */,
				9C027EDC2F5B11F700E0D831 /* SUBSCRIPTION_FLOW_DIAGRAM.md in Resources */,
				9C4AE1492F5BE37200562FA2 /* DEBUG_SYSTEM_CHANGELOG.md in Resources */,
				9C4AE1532F5BE5F400562FA2 /* API_OPTIMIZATION_FIX.md in Resources */,
				9CF4B4D32F6454FB00C5BA6D /* DUPLICATE_ASSET_VALIDATION_COMPLETE.md in Resources */,
				9C027EDA2F5B11AC00E0D831 /* SUBSCRIPTION_SUMMARY.md in Resources */,
				9C027ED82F5B117300E0D831 /* TESTING_CHECKLIST.md in Resources */,
				9C6D61D72F59444F004C341C /* REFRESH_COOLDOWN_IMPLEMENTATION.md in Resources */,
				9CF4B4BF2F6264D100C5BA6D /* DAILY_CHANGE_IMPLEMENTATION_SUMMARY.md in Resources */,
			);
			runOnlyForDeploymentPostprocessing = 0;
		};
		9C21F6D82F268A6E004B6016 /* Resources */ = {
			isa = PBXResourcesBuildPhase;
			buildActionMask = 2147483647;
			files = (
			);
			runOnlyForDeploymentPostprocessing = 0;
		};
		9C21F6E22F268A6E004B6016 /* Resources */ = {
			isa = PBXResourcesBuildPhase;
			buildActionMask = 2147483647;
			files = (
			);
			runOnlyForDeploymentPostprocessing = 0;
		};
/* End PBXResourcesBuildPhase section */

/* Begin PBXSourcesBuildPhase section */
		9C21F6C62F268A6B004B6016 /* Sources */ = {
			isa = PBXSourcesBuildPhase;
			buildActionMask = 2147483647;
			files = (
				9C027ED62F5B114900E0D831 /* APP_INITIALIZATION_NOTE.swift in Sources */,
				9C4AE1432F5BE2AB00562FA2 /* DebugLogger.swift in Sources */,
				9C027ED22F5B108F00E0D831 /* SubscriptionPaywallView.swift in Sources */,
				9C027ED02F5B106F00E0D831 /* SubscriptionManager.swift in Sources */,
				9C4AE1452F5BE30900562FA2 /* DebugSettingsView.swift in Sources */,
				9CF4B4D52F6718B600C5BA6D /* WelcomeDisclaimerView.swift in Sources */,
			);
			runOnlyForDeploymentPostprocessing = 0;
		};
		9C21F6D62F268A6E004B6016 /* Sources */ = {
			isa = PBXSourcesBuildPhase;
			buildActionMask = 2147483647;
			files = (
			);
			runOnlyForDeploymentPostprocessing = 0;
		};
		9C21F6E02F268A6E004B6016 /* Sources */ = {
			isa = PBXSourcesBuildPhase;
			buildActionMask = 2147483647;
			files = (
			);
			runOnlyForDeploymentPostprocessing = 0;
		};
/* End PBXSourcesBuildPhase section */

/* Begin PBXTargetDependency section */
		9C21F6DC2F268A6E004B6016 /* PBXTargetDependency */ = {
			isa = PBXTargetDependency;
			target = 9C21F6C92F268A6B004B6016 /* FIRECalc */;
			targetProxy = 9C21F6DB2F268A6E004B6016 /* PBXContainerItemProxy */;
		};
		9C21F6E62F268A6E004B6016 /* PBXTargetDependency */ = {
			isa = PBXTargetDependency;
			target = 9C21F6C92F268A6B004B6016 /* FIRECalc */;
			targetProxy = 9C21F6E52F268A6E004B6016 /* PBXContainerItemProxy */;
		};
/* End PBXTargetDependency section */

/* Begin XCBuildConfiguration section */
		9C21F6EC2F268A6E004B6016 /* Debug */ = {
			isa = XCBuildConfiguration;
			buildSettings = {
				ALWAYS_SEARCH_USER_PATHS = NO;
				ASSETCATALOG_COMPILER_GENERATE_SWIFT_ASSET_SYMBOL_EXTENSIONS = YES;
				CLANG_ANALYZER_NONNULL = YES;
				CLANG_ANALYZER_NUMBER_OBJECT_CONVERSION = YES_AGGRESSIVE;
				CLANG_CXX_LANGUAGE_STANDARD = "gnu++20";
				CLANG_ENABLE_MODULES = YES;
				CLANG_ENABLE_OBJC_ARC = YES;
				CLANG_ENABLE_OBJC_WEAK = YES;
				CLANG_WARN_BLOCK_CAPTURE_AUTORELEASING = YES;
				CLANG_WARN_BOOL_CONVERSION = YES;
				CLANG_WARN_COMMA = YES;
				CLANG_WARN_CONSTANT_CONVERSION = YES;
				CLANG_WARN_DEPRECATED_OBJC_IMPLEMENTATIONS = YES;
				CLANG_WARN_DIRECT_OBJC_ISA_USAGE = YES_ERROR;
				CLANG_WARN_DOCUMENTATION_COMMENTS = YES;
				CLANG_WARN_EMPTY_BODY = YES;
				CLANG_WARN_ENUM_CONVERSION = YES;
				CLANG_WARN_INFINITE_RECURSION = YES;
				CLANG_WARN_INT_CONVERSION = YES;
				CLANG_WARN_NON_LITERAL_NULL_CONVERSION = YES;
				CLANG_WARN_OBJC_IMPLICIT_RETAIN_SELF = YES;
				CLANG_WARN_OBJC_LITERAL_CONVERSION = YES;
				CLANG_WARN_OBJC_ROOT_CLASS = YES_ERROR;
				CLANG_WARN_QUOTED_INCLUDE_IN_FRAMEWORK_HEADER = YES;
				CLANG_WARN_RANGE_LOOP_ANALYSIS = YES;
				CLANG_WARN_STRICT_PROTOTYPES = YES;
				CLANG_WARN_SUSPICIOUS_MOVE = YES;
				CLANG_WARN_UNGUARDED_AVAILABILITY = YES_AGGRESSIVE;
				CLANG_WARN_UNREACHABLE_CODE = YES;
				CLANG_WARN__DUPLICATE_METHOD_MATCH = YES;
				COPY_PHASE_STRIP = NO;
				DEBUG_INFORMATION_FORMAT = dwarf;
				ENABLE_STRICT_OBJC_MSGSEND = YES;
				ENABLE_TESTABILITY = YES;
				ENABLE_USER_SCRIPT_SANDBOXING = YES;
				GCC_C_LANGUAGE_STANDARD = gnu17;
				GCC_DYNAMIC_NO_PIC = NO;
				GCC_NO_COMMON_BLOCKS = YES;
				GCC_OPTIMIZATION_LEVEL = 0;
				GCC_PREPROCESSOR_DEFINITIONS = (
					"DEBUG=1",
					"$(inherited)",
				);
				GCC_WARN_64_TO_32_BIT_CONVERSION = YES;
				GCC_WARN_ABOUT_RETURN_TYPE = YES_ERROR;
				GCC_WARN_UNDECLARED_SELECTOR = YES;
				GCC_WARN_UNINITIALIZED_AUTOS = YES_AGGRESSIVE;
				GCC_WARN_UNUSED_FUNCTION = YES;
				GCC_WARN_UNUSED_VARIABLE = YES;
				IPHONEOS_DEPLOYMENT_TARGET = 18.2;
				LOCALIZATION_PREFERS_STRING_CATALOGS = YES;
				MTL_ENABLE_DEBUG_INFO = INCLUDE_SOURCE;
				MTL_FAST_MATH = YES;
				ONLY_ACTIVE_ARCH = YES;
				SDKROOT = iphoneos;
				SWIFT_ACTIVE_COMPILATION_CONDITIONS = "DEBUG $(inherited)";
				SWIFT_OPTIMIZATION_LEVEL = "-Onone";
			};
			name = Debug;
		};
		9C21F6ED2F268A6E004B6016 /* Release */ = {
			isa = XCBuildConfiguration;
			buildSettings = {
				ALWAYS_SEARCH_USER_PATHS = NO;
				ASSETCATALOG_COMPILER_GENERATE_SWIFT_ASSET_SYMBOL_EXTENSIONS = YES;
				CLANG_ANALYZER_NONNULL = YES;
				CLANG_ANALYZER_NUMBER_OBJECT_CONVERSION = YES_AGGRESSIVE;
				CLANG_CXX_LANGUAGE_STANDARD = "gnu++20";
				CLANG_ENABLE_MODULES = YES;
				CLANG_ENABLE_OBJC_ARC = YES;
				CLANG_ENABLE_OBJC_WEAK = YES;
				CLANG_WARN_BLOCK_CAPTURE_AUTORELEASING = YES;
				CLANG_WARN_BOOL_CONVERSION = YES;
				CLANG_WARN_COMMA = YES;
				CLANG_WARN_CONSTANT_CONVERSION = YES;
				CLANG_WARN_DEPRECATED_OBJC_IMPLEMENTATIONS = YES;
				CLANG_WARN_DIRECT_OBJC_ISA_USAGE = YES_ERROR;
				CLANG_WARN_DOCUMENTATION_COMMENTS = YES;
				CLANG_WARN_EMPTY_BODY = YES;
				CLANG_WARN_ENUM_CONVERSION = YES;
				CLANG_WARN_INFINITE_RECURSION = YES;
				CLANG_WARN_INT_CONVERSION = YES;
				CLANG_WARN_NON_LITERAL_NULL_CONVERSION = YES;
				CLANG_WARN_OBJC_IMPLICIT_RETAIN_SELF = YES;
				CLANG_WARN_OBJC_LITERAL_CONVERSION = YES;
				CLANG_WARN_OBJC_ROOT_CLASS = YES_ERROR;
				CLANG_WARN_QUOTED_INCLUDE_IN_FRAMEWORK_HEADER = YES;
				CLANG_WARN_RANGE_LOOP_ANALYSIS = YES;
				CLANG_WARN_STRICT_PROTOTYPES = YES;
				CLANG_WARN_SUSPICIOUS_MOVE = YES;
				CLANG_WARN_UNGUARDED_AVAILABILITY = YES_AGGRESSIVE;
				CLANG_WARN_UNREACHABLE_CODE = YES;
				CLANG_WARN__DUPLICATE_METHOD_MATCH = YES;
				COPY_PHASE_STRIP = NO;
				DEBUG_INFORMATION_FORMAT = "dwarf-with-dsym";
				ENABLE_NS_ASSERTIONS = NO;
				ENABLE_STRICT_OBJC_MSGSEND = YES;
				ENABLE_USER_SCRIPT_SANDBOXING = YES;
				GCC_C_LANGUAGE_STANDARD = gnu17;
				GCC_NO_COMMON_BLOCKS = YES;
				GCC_WARN_64_TO_32_BIT_CONVERSION = YES;
				GCC_WARN_ABOUT_RETURN_TYPE = YES_ERROR;
				GCC_WARN_UNDECLARED_SELECTOR = YES;
				GCC_WARN_UNINITIALIZED_AUTOS = YES_AGGRESSIVE;
				GCC_WARN_UNUSED_FUNCTION = YES;
				GCC_WARN_UNUSED_VARIABLE = YES;
				IPHONEOS_DEPLOYMENT_TARGET = 18.2;
				LOCALIZATION_PREFERS_STRING_CATALOGS = YES;
				MTL_ENABLE_DEBUG_INFO = NO;
				MTL_FAST_MATH = YES;
				SDKROOT = iphoneos;
				SWIFT_COMPILATION_MODE = wholemodule;
				VALIDATE_PRODUCT = YES;
			};
			name = Release;
		};
		9C21F6EF2F268A6E004B6016 /* Debug */ = {
			isa = XCBuildConfiguration;
			buildSettings = {
				ASSETCATALOG_COMPILER_APPICON_NAME = AppIcon;
				ASSETCATALOG_COMPILER_GLOBAL_ACCENT_COLOR_NAME = AccentColor;
				CODE_SIGN_IDENTITY = "Apple Development";
				CODE_SIGN_STYLE = Automatic;
				CURRENT_PROJECT_VERSION = 1;
				DEVELOPMENT_ASSET_PATHS = "\"FIRECalc/Preview Content\"";
				DEVELOPMENT_TEAM = 72589B2M65;
				ENABLE_PREVIEWS = YES;
				GENERATE_INFOPLIST_FILE = YES;
				INFOPLIST_FILE = FIRECalc/Info.plist;
				INFOPLIST_KEY_CFBundleDisplayName = FICalc;
				INFOPLIST_KEY_UIApplicationSceneManifest_Generation = YES;
				INFOPLIST_KEY_UIApplicationSupportsIndirectInputEvents = YES;
				INFOPLIST_KEY_UILaunchScreen_Generation = YES;
				INFOPLIST_KEY_UISupportedInterfaceOrientations_iPad = "UIInterfaceOrientationPortrait UIInterfaceOrientationPortraitUpsideDown UIInterfaceOrientationLandscapeLeft UIInterfaceOrientationLandscapeRight";
				INFOPLIST_KEY_UISupportedInterfaceOrientations_iPhone = "UIInterfaceOrientationPortrait UIInterfaceOrientationLandscapeLeft UIInterfaceOrientationLandscapeRight";
				LD_RUNPATH_SEARCH_PATHS = (
					"$(inherited)",
					"@executable_path/Frameworks",
				);
				MARKETING_VERSION = 1.0;
				PRODUCT_BUNDLE_IDENTIFIER = James.FIRECalc;
				PRODUCT_NAME = "$(TARGET_NAME)";
				PROVISIONING_PROFILE_SPECIFIER = "";
				SWIFT_EMIT_LOC_STRINGS = YES;
				SWIFT_VERSION = 5.0;
				TARGETED_DEVICE_FAMILY = "1,2";
			};
			name = Debug;
		};
		9C21F6F02F268A6E004B6016 /* Release */ = {
			isa = XCBuildConfiguration;
			buildSettings = {
				ASSETCATALOG_COMPILER_APPICON_NAME = AppIcon;
				ASSETCATALOG_COMPILER_GLOBAL_ACCENT_COLOR_NAME = AccentColor;
				CODE_SIGN_IDENTITY = "Apple Development";
				CODE_SIGN_STYLE = Automatic;
				CURRENT_PROJECT_VERSION = 1;
				DEVELOPMENT_ASSET_PATHS = "\"FIRECalc/Preview Content\"";
				DEVELOPMENT_TEAM = 72589B2M65;
				ENABLE_PREVIEWS = YES;
				GENERATE_INFOPLIST_FILE = YES;
				INFOPLIST_FILE = FIRECalc/Info.plist;
				INFOPLIST_KEY_CFBundleDisplayName = FICalc;
				INFOPLIST_KEY_UIApplicationSceneManifest_Generation = YES;
				INFOPLIST_KEY_UIApplicationSupportsIndirectInputEvents = YES;
				INFOPLIST_KEY_UILaunchScreen_Generation = YES;
				INFOPLIST_KEY_UISupportedInterfaceOrientations_iPad = "UIInterfaceOrientationPortrait UIInterfaceOrientationPortraitUpsideDown UIInterfaceOrientationLandscapeLeft UIInterfaceOrientationLandscapeRight";
				INFOPLIST_KEY_UISupportedInterfaceOrientations_iPhone = "UIInterfaceOrientationPortrait UIInterfaceOrientationLandscapeLeft UIInterfaceOrientationLandscapeRight";
				LD_RUNPATH_SEARCH_PATHS = (
					"$(inherited)",
					"@executable_path/Frameworks",
				);
				MARKETING_VERSION = 1.0;
				PRODUCT_BUNDLE_IDENTIFIER = James.FIRECalc;
				PRODUCT_NAME = "$(TARGET_NAME)";
				PROVISIONING_PROFILE_SPECIFIER = "";
				SWIFT_EMIT_LOC_STRINGS = YES;
				SWIFT_VERSION = 5.0;
				TARGETED_DEVICE_FAMILY = "1,2";
			};
			name = Release;
		};
		9C21F6F22F268A6E004B6016 /* Debug */ = {
			isa = XCBuildConfiguration;
			buildSettings = {
				BUNDLE_LOADER = "$(TEST_HOST)";
				CODE_SIGN_STYLE = Automatic;
				CURRENT_PROJECT_VERSION = 1;
				GENERATE_INFOPLIST_FILE = YES;
				IPHONEOS_DEPLOYMENT_TARGET = 18.2;
				MARKETING_VERSION = 1.0;
				PRODUCT_BUNDLE_IDENTIFIER = James.FIRECalcTests;
				PRODUCT_NAME = "$(TARGET_NAME)";
				SWIFT_EMIT_LOC_STRINGS = NO;
				SWIFT_VERSION = 5.0;
				TARGETED_DEVICE_FAMILY = "1,2";
				TEST_HOST = "$(BUILT_PRODUCTS_DIR)/FIRECalc.app/$(BUNDLE_EXECUTABLE_FOLDER_PATH)/FIRECalc";
			};
			name = Debug;
		};
		9C21F6F32F268A6E004B6016 /* Release */ = {
			isa = XCBuildConfiguration;
			buildSettings = {
				BUNDLE_LOADER = "$(TEST_HOST)";
				CODE_SIGN_STYLE = Automatic;
				CURRENT_PROJECT_VERSION = 1;
				GENERATE_INFOPLIST_FILE = YES;
				IPHONEOS_DEPLOYMENT_TARGET = 18.2;
				MARKETING_VERSION = 1.0;
				PRODUCT_BUNDLE_IDENTIFIER = James.FIRECalcTests;
				PRODUCT_NAME = "$(TARGET_NAME)";
				SWIFT_EMIT_LOC_STRINGS = NO;
				SWIFT_VERSION = 5.0;
				TARGETED_DEVICE_FAMILY = "1,2";
				TEST_HOST = "$(BUILT_PRODUCTS_DIR)/FIRECalc.app/$(BUNDLE_EXECUTABLE_FOLDER_PATH)/FIRECalc";
			};
			name = Release;
		};
		9C21F6F52F268A6E004B6016 /* Debug */ = {
			isa = XCBuildConfiguration;
			buildSettings = {
				CODE_SIGN_STYLE = Automatic;
				CURRENT_PROJECT_VERSION = 1;
				GENERATE_INFOPLIST_FILE = YES;
				MARKETING_VERSION = 1.0;
				PRODUCT_BUNDLE_IDENTIFIER = James.FIRECalcUITests;
				PRODUCT_NAME = "$(TARGET_NAME)";
				SWIFT_EMIT_LOC_STRINGS = NO;
				SWIFT_VERSION = 5.0;
				TARGETED_DEVICE_FAMILY = "1,2";
				TEST_TARGET_NAME = FIRECalc;
			};
			name = Debug;
		};
		9C21F6F62F268A6E004B6016 /* Release */ = {
			isa = XCBuildConfiguration;
			buildSettings = {
				CODE_SIGN_STYLE = Automatic;
				CURRENT_PROJECT_VERSION = 1;
				GENERATE_INFOPLIST_FILE = YES;
				MARKETING_VERSION = 1.0;
				PRODUCT_BUNDLE_IDENTIFIER = James.FIRECalcUITests;
				PRODUCT_NAME = "$(TARGET_NAME)";
				SWIFT_EMIT_LOC_STRINGS = NO;
				SWIFT_VERSION = 5.0;
				TARGETED_DEVICE_FAMILY = "1,2";
				TEST_TARGET_NAME = FIRECalc;
			};
			name = Release;
		};
/* End XCBuildConfiguration section */

/* Begin XCConfigurationList section */
		9C21F6C52F268A6B004B6016 /* Build configuration list for PBXProject "FIRECalc" */ = {
			isa = XCConfigurationList;
			buildConfigurations = (
				9C21F6EC2F268A6E004B6016 /* Debug */,
				9C21F6ED2F268A6E004B6016 /* Release */,
			);
			defaultConfigurationIsVisible = 0;
			defaultConfigurationName = Release;
		};
		9C21F6EE2F268A6E004B6016 /* Build configuration list for PBXNativeTarget "FIRECalc" */ = {
			isa = XCConfigurationList;
			buildConfigurations = (
				9C21F6EF2F268A6E004B6016 /* Debug */,
				9C21F6F02F268A6E004B6016 /* Release */,
			);
			defaultConfigurationIsVisible = 0;
			defaultConfigurationName = Release;
		};
		9C21F6F12F268A6E004B6016 /* Build configuration list for PBXNativeTarget "FIRECalcTests" */ = {
			isa = XCConfigurationList;
			buildConfigurations = (
				9C21F6F22F268A6E004B6016 /* Debug */,
				9C21F6F32F268A6E004B6016 /* Release */,
			);
			defaultConfigurationIsVisible = 0;
			defaultConfigurationName = Release;
		};
		9C21F6F42F268A6E004B6016 /* Build configuration list for PBXNativeTarget "FIRECalcUITests" */ = {
			isa = XCConfigurationList;
			buildConfigurations = (
				9C21F6F52F268A6E004B6016 /* Debug */,
				9C21F6F62F268A6E004B6016 /* Release */,
			);
			defaultConfigurationIsVisible = 0;
			defaultConfigurationName = Release;
		};
/* End XCConfigurationList section */
	};
	rootObject = 9C21F6C22F268A6B004B6016 /* Project object */;
}
